PODS:
  - assets_audio_player (0.0.1):
    - Flutter
  - assets_audio_player_web (0.0.1):
    - Flutter
  - Flutter (1.0.0)
  - games_services (0.0.1):
    - Flutter
  - path_provider_ios (0.0.1):
    - Flutter
  - vibration (1.7.5):
    - Flutter
  - wakelock (0.0.1):
    - Flutter

DEPENDENCIES:
  - assets_audio_player (from `.symlinks/plugins/assets_audio_player/ios`)
  - assets_audio_player_web (from `.symlinks/plugins/assets_audio_player_web/ios`)
  - Flutter (from `Flutter`)
  - games_services (from `.symlinks/plugins/games_services/ios`)
  - path_provider_ios (from `.symlinks/plugins/path_provider_ios/ios`)
  - vibration (from `.symlinks/plugins/vibration/ios`)
  - wakelock (from `.symlinks/plugins/wakelock/ios`)

EXTERNAL SOURCES:
  assets_audio_player:
    :path: ".symlinks/plugins/assets_audio_player/ios"
  assets_audio_player_web:
    :path: ".symlinks/plugins/assets_audio_player_web/ios"
  Flutter:
    :path: Flutter
  games_services:
    :path: ".symlinks/plugins/games_services/ios"
  path_provider_ios:
    :path: ".symlinks/plugins/path_provider_ios/ios"
  vibration:
    :path: ".symlinks/plugins/vibration/ios"
  wakelock:
    :path: ".symlinks/plugins/wakelock/ios"

SPEC CHECKSUMS:
  assets_audio_player: edee322b9cb625571b830b35872ead1a295fd917
  assets_audio_player_web: 19826380c44375761aa0b9053665c1e3fbc3b86b
  Flutter: f04841e97a9d0b0a8025694d0796dd46242b2854
  games_services: 6c9a23d55bc6ae0129b24507e008643dcb02f341
  path_provider_ios: 14f3d2fd28c4fdb42f44e0f751d12861c43cee02
  vibration: 7d883d141656a1c1a6d8d238616b2042a51a1241
  wakelock: d0fc7c864128eac40eba1617cb5264d9c940b46f

PODFILE CHECKSUM: 7368163408c647b7eb699d0d788ba6718e18fb8d

COCOAPODS: 1.11.3
